// !$*UTF8*$!
{
	archiveVersion = 1;
	classes = {
	};
	objectVersion = 77;
	objects = {

/* Begin PBXBuildFile section */
		3792CA4AFCB949544AE772B6 /* Pods_Cartly_CartlyUITests.framework in Frameworks */ = {isa = PBXBuildFile; fileRef = 8F8BD70D500CA2FDA61189D8 /* Pods_Cartly_CartlyUITests.framework */; };
		724662032DEB6CEE00CE2597 /* GoogleSignIn in Frameworks */ = {isa = PBXBuildFile; productRef = 724662022DEB6CEE00CE2597 /* GoogleSignIn */; };
		724662052DEB6CEE00CE2597 /* GoogleSignInSwift in Frameworks */ = {isa = PBXBuildFile; productRef = 724662042DEB6CEE00CE2597 /* GoogleSignInSwift */; };
		725E4CB02DF1847C00F900E8 /* FirebaseAuth in Frameworks */ = {isa = PBXBuildFile; productRef = 725E4CAF2DF1847C00F900E8 /* FirebaseAuth */; };
		725E4CB42DF1847C00F900E8 /* FirebaseCore in Frameworks */ = {isa = PBXBuildFile; productRef = 725E4CB32DF1847C00F900E8 /* FirebaseCore */; };
		725E4CB62DF1847C00F900E8 /* FirebaseDatabase in Frameworks */ = {isa = PBXBuildFile; productRef = 725E4CB52DF1847C00F900E8 /* FirebaseDatabase */; };
		725E4CB82DF1847C00F900E8 /* FirebaseFirestore in Frameworks */ = {isa = PBXBuildFile; productRef = 725E4CB72DF1847C00F900E8 /* FirebaseFirestore */; };
		725E4CBD2DF1853800F900E8 /* Pods_Cartly.framework in Frameworks */ = {isa = PBXBuildFile; fileRef = F009826A01BD8CB4D751DB8B /* Pods_Cartly.framework */; };
		725E4CBE2DF1853800F900E8 /* Pods_Cartly.framework in Embed Frameworks */ = {isa = PBXBuildFile; fileRef = F009826A01BD8CB4D751DB8B /* Pods_Cartly.framework */; settings = {ATTRIBUTES = (CodeSignOnCopy, RemoveHeadersOnCopy, ); }; };
		72CAA0CB2DF50651007F6AD2 /* Shimmer in Frameworks */ = {isa = PBXBuildFile; productRef = 72CAA0CA2DF50651007F6AD2 /* Shimmer */; };
		A15D686B893B73960601A9C4 /* Pods_CartlyTests.framework in Frameworks */ = {isa = PBXBuildFile; fileRef = EC8A2D5C271F39DE03E8A01E /* Pods_CartlyTests.framework */; };
/* End PBXBuildFile section */

/* Begin PBXContainerItemProxy section */
		72EB16312DE3195000C45508 /* PBXContainerItemProxy */ = {
			isa = PBXContainerItemProxy;
			containerPortal = 72EB16132DE3194600C45508 /* Project object */;
			proxyType = 1;
			remoteGlobalIDString = 72EB161A2DE3194600C45508;
			remoteInfo = Cartly;
		};
		72EB163B2DE3195000C45508 /* PBXContainerItemProxy */ = {
			isa = PBXContainerItemProxy;
			containerPortal = 72EB16132DE3194600C45508 /* Project object */;
			proxyType = 1;
			remoteGlobalIDString = 72EB161A2DE3194600C45508;
			remoteInfo = Cartly;
		};
/* End PBXContainerItemProxy section */

/* Begin PBXCopyFilesBuildPhase section */
		725E4CBF2DF1853800F900E8 /* Embed Frameworks */ = {
			isa = PBXCopyFilesBuildPhase;
			buildActionMask = 2147483647;
			dstPath = "";
			dstSubfolderSpec = 10;
			files = (
				725E4CBE2DF1853800F900E8 /* Pods_Cartly.framework in Embed Frameworks */,
			);
			name = "Embed Frameworks";
			runOnlyForDeploymentPostprocessing = 0;
		};
/* End PBXCopyFilesBuildPhase section */

/* Begin PBXFileReference section */
		3C2FBE6649FB1A6F83879914 /* Pods-CartlyTests.debug.xcconfig */ = {isa = PBXFileReference; includeInIndex = 1; lastKnownFileType = text.xcconfig; name = "Pods-CartlyTests.debug.xcconfig"; path = "Target Support Files/Pods-CartlyTests/Pods-CartlyTests.debug.xcconfig"; sourceTree = "<group>"; };
		4C276FB8740788CECF99103E /* Pods-Cartly-CartlyUITests.release.xcconfig */ = {isa = PBXFileReference; includeInIndex = 1; lastKnownFileType = text.xcconfig; name = "Pods-Cartly-CartlyUITests.release.xcconfig"; path = "Target Support Files/Pods-Cartly-CartlyUITests/Pods-Cartly-CartlyUITests.release.xcconfig"; sourceTree = "<group>"; };
		66CED5DE67155C1DD09EF624 /* Pods-Cartly-CartlyUITests.debug.xcconfig */ = {isa = PBXFileReference; includeInIndex = 1; lastKnownFileType = text.xcconfig; name = "Pods-Cartly-CartlyUITests.debug.xcconfig"; path = "Target Support Files/Pods-Cartly-CartlyUITests/Pods-Cartly-CartlyUITests.debug.xcconfig"; sourceTree = "<group>"; };
		72EB161B2DE3194600C45508 /* Cartly.app */ = {isa = PBXFileReference; explicitFileType = wrapper.application; includeInIndex = 0; path = Cartly.app; sourceTree = BUILT_PRODUCTS_DIR; };
		72EB16302DE3195000C45508 /* CartlyTests.xctest */ = {isa = PBXFileReference; explicitFileType = wrapper.cfbundle; includeInIndex = 0; path = CartlyTests.xctest; sourceTree = BUILT_PRODUCTS_DIR; };
		72EB163A2DE3195000C45508 /* CartlyUITests.xctest */ = {isa = PBXFileReference; explicitFileType = wrapper.cfbundle; includeInIndex = 0; path = CartlyUITests.xctest; sourceTree = BUILT_PRODUCTS_DIR; };
		7B80452871458EBE34B1D183 /* Pods-CartlyTests.release.xcconfig */ = {isa = PBXFileReference; includeInIndex = 1; lastKnownFileType = text.xcconfig; name = "Pods-CartlyTests.release.xcconfig"; path = "Target Support Files/Pods-CartlyTests/Pods-CartlyTests.release.xcconfig"; sourceTree = "<group>"; };
		8DEAF64BEFD02C7E89BA7EA1 /* Pods-Cartly.debug.xcconfig */ = {isa = PBXFileReference; includeInIndex = 1; lastKnownFileType = text.xcconfig; name = "Pods-Cartly.debug.xcconfig"; path = "Target Support Files/Pods-Cartly/Pods-Cartly.debug.xcconfig"; sourceTree = "<group>"; };
		8F8BD70D500CA2FDA61189D8 /* Pods_Cartly_CartlyUITests.framework */ = {isa = PBXFileReference; explicitFileType = wrapper.framework; includeInIndex = 0; path = Pods_Cartly_CartlyUITests.framework; sourceTree = BUILT_PRODUCTS_DIR; };
		D6E5768ABAE28F88430785D7 /* Pods-Cartly.release.xcconfig */ = {isa = PBXFileReference; includeInIndex = 1; lastKnownFileType = text.xcconfig; name = "Pods-Cartly.release.xcconfig"; path = "Target Support Files/Pods-Cartly/Pods-Cartly.release.xcconfig"; sourceTree = "<group>"; };
		EC8A2D5C271F39DE03E8A01E /* Pods_CartlyTests.framework */ = {isa = PBXFileReference; explicitFileType = wrapper.framework; includeInIndex = 0; path = Pods_CartlyTests.framework; sourceTree = BUILT_PRODUCTS_DIR; };
		F009826A01BD8CB4D751DB8B /* Pods_Cartly.framework */ = {isa = PBXFileReference; explicitFileType = wrapper.framework; includeInIndex = 0; path = Pods_Cartly.framework; sourceTree = BUILT_PRODUCTS_DIR; };
/* End PBXFileReference section */

/* Begin PBXFileSystemSynchronizedBuildFileExceptionSet section */
		78F93A292DE7B28000CD666A /* Exceptions for "Cartly" folder in "Cartly" target */ = {
			isa = PBXFileSystemSynchronizedBuildFileExceptionSet;
			membershipExceptions = (
				Presentation/Components/dummy.swift,
			);
			target = 72EB161A2DE3194600C45508 /* Cartly */;
		};
/* End PBXFileSystemSynchronizedBuildFileExceptionSet section */

/* Begin PBXFileSystemSynchronizedRootGroup section */
		72EB161D2DE3194600C45508 /* Cartly */ = {
			isa = PBXFileSystemSynchronizedRootGroup;
			exceptions = (
				78F93A292DE7B28000CD666A /* Exceptions for "Cartly" folder in "Cartly" target */,
			);
			path = Cartly;
			sourceTree = "<group>";
		};
		72EB16332DE3195000C45508 /* CartlyTests */ = {
			isa = PBXFileSystemSynchronizedRootGroup;
			path = CartlyTests;
			sourceTree = "<group>";
		};
		72EB163D2DE3195000C45508 /* CartlyUITests */ = {
			isa = PBXFileSystemSynchronizedRootGroup;
			path = CartlyUITests;
			sourceTree = "<group>";
		};
/* End PBXFileSystemSynchronizedRootGroup section */

/* Begin PBXFrameworksBuildPhase section */
		72EB16182DE3194600C45508 /* Frameworks */ = {
			isa = PBXFrameworksBuildPhase;
			buildActionMask = 2147483647;
			files = (
				724662032DEB6CEE00CE2597 /* GoogleSignIn in Frameworks */,
				725E4CBD2DF1853800F900E8 /* Pods_Cartly.framework in Frameworks */,
				725E4CB02DF1847C00F900E8 /* FirebaseAuth in Frameworks */,
				724662052DEB6CEE00CE2597 /* GoogleSignInSwift in Frameworks */,
				72CAA0CB2DF50651007F6AD2 /* Shimmer in Frameworks */,
				725E4CB82DF1847C00F900E8 /* FirebaseFirestore in Frameworks */,
				725E4CB62DF1847C00F900E8 /* FirebaseDatabase in Frameworks */,
				725E4CB42DF1847C00F900E8 /* FirebaseCore in Frameworks */,
			);
			runOnlyForDeploymentPostprocessing = 0;
		};
		72EB162D2DE3195000C45508 /* Frameworks */ = {
			isa = PBXFrameworksBuildPhase;
			buildActionMask = 2147483647;
			files = (
				A15D686B893B73960601A9C4 /* Pods_CartlyTests.framework in Frameworks */,
			);
			runOnlyForDeploymentPostprocessing = 0;
		};
		72EB16372DE3195000C45508 /* Frameworks */ = {
			isa = PBXFrameworksBuildPhase;
			buildActionMask = 2147483647;
			files = (
				3792CA4AFCB949544AE772B6 /* Pods_Cartly_CartlyUITests.framework in Frameworks */,
			);
			runOnlyForDeploymentPostprocessing = 0;
		};
/* End PBXFrameworksBuildPhase section */

/* Begin PBXGroup section */
		07B2FFEAC583C59A95BF1C61 /* Pods */ = {
			isa = PBXGroup;
			children = (
				8DEAF64BEFD02C7E89BA7EA1 /* Pods-Cartly.debug.xcconfig */,
				D6E5768ABAE28F88430785D7 /* Pods-Cartly.release.xcconfig */,
				66CED5DE67155C1DD09EF624 /* Pods-Cartly-CartlyUITests.debug.xcconfig */,
				4C276FB8740788CECF99103E /* Pods-Cartly-CartlyUITests.release.xcconfig */,
				3C2FBE6649FB1A6F83879914 /* Pods-CartlyTests.debug.xcconfig */,
				7B80452871458EBE34B1D183 /* Pods-CartlyTests.release.xcconfig */,
			);
			path = Pods;
			sourceTree = "<group>";
		};
		72EB16122DE3194600C45508 = {
			isa = PBXGroup;
			children = (
				72EB161D2DE3194600C45508 /* Cartly */,
				72EB16332DE3195000C45508 /* CartlyTests */,
				72EB163D2DE3195000C45508 /* CartlyUITests */,
				72EB161C2DE3194600C45508 /* Products */,
				07B2FFEAC583C59A95BF1C61 /* Pods */,
				A62A766DE6EF7136377A57B1 /* Frameworks */,
			);
			sourceTree = "<group>";
		};
		72EB161C2DE3194600C45508 /* Products */ = {
			isa = PBXGroup;
			children = (
				72EB161B2DE3194600C45508 /* Cartly.app */,
				72EB16302DE3195000C45508 /* CartlyTests.xctest */,
				72EB163A2DE3195000C45508 /* CartlyUITests.xctest */,
			);
			name = Products;
			sourceTree = "<group>";
		};
		A62A766DE6EF7136377A57B1 /* Frameworks */ = {
			isa = PBXGroup;
			children = (
				F009826A01BD8CB4D751DB8B /* Pods_Cartly.framework */,
				8F8BD70D500CA2FDA61189D8 /* Pods_Cartly_CartlyUITests.framework */,
				EC8A2D5C271F39DE03E8A01E /* Pods_CartlyTests.framework */,
			);
			name = Frameworks;
			sourceTree = "<group>";
		};
/* End PBXGroup section */

/* Begin PBXNativeTarget section */
		72EB161A2DE3194600C45508 /* Cartly */ = {
			isa = PBXNativeTarget;
			buildConfigurationList = 72EB16442DE3195000C45508 /* Build configuration list for PBXNativeTarget "Cartly" */;
			buildPhases = (
				3E09EE82E52F308594CBB139 /* [CP] Check Pods Manifest.lock */,
				72EB16172DE3194600C45508 /* Sources */,
				72EB16182DE3194600C45508 /* Frameworks */,
				72EB16192DE3194600C45508 /* Resources */,
				61F59044EA9F9EABB9AFCF39 /* [CP] Embed Pods Frameworks */,
				725E4CBF2DF1853800F900E8 /* Embed Frameworks */,
			);
			buildRules = (
			);
			dependencies = (
			);
			fileSystemSynchronizedGroups = (
				72EB161D2DE3194600C45508 /* Cartly */,
			);
			name = Cartly;
			packageProductDependencies = (
				724662022DEB6CEE00CE2597 /* GoogleSignIn */,
				724662042DEB6CEE00CE2597 /* GoogleSignInSwift */,
				725E4CAF2DF1847C00F900E8 /* FirebaseAuth */,
				725E4CB32DF1847C00F900E8 /* FirebaseCore */,
				725E4CB52DF1847C00F900E8 /* FirebaseDatabase */,
				725E4CB72DF1847C00F900E8 /* FirebaseFirestore */,
				72CAA0CA2DF50651007F6AD2 /* Shimmer */,
			);
			productName = Cartly;
			productReference = 72EB161B2DE3194600C45508 /* Cartly.app */;
			productType = "com.apple.product-type.application";
		};
		72EB162F2DE3195000C45508 /* CartlyTests */ = {
			isa = PBXNativeTarget;
			buildConfigurationList = 72EB16472DE3195000C45508 /* Build configuration list for PBXNativeTarget "CartlyTests" */;
			buildPhases = (
				95CD923E35DA2FDA714D86A8 /* [CP] Check Pods Manifest.lock */,
				72EB162C2DE3195000C45508 /* Sources */,
				72EB162D2DE3195000C45508 /* Frameworks */,
				72EB162E2DE3195000C45508 /* Resources */,
			);
			buildRules = (
			);
			dependencies = (
				72EB16322DE3195000C45508 /* PBXTargetDependency */,
			);
			fileSystemSynchronizedGroups = (
				72EB16332DE3195000C45508 /* CartlyTests */,
			);
			name = CartlyTests;
			productName = CartlyTests;
			productReference = 72EB16302DE3195000C45508 /* CartlyTests.xctest */;
			productType = "com.apple.product-type.bundle.unit-test";
		};
		72EB16392DE3195000C45508 /* CartlyUITests */ = {
			isa = PBXNativeTarget;
			buildConfigurationList = 72EB164A2DE3195000C45508 /* Build configuration list for PBXNativeTarget "CartlyUITests" */;
			buildPhases = (
				4CC35F789763425CD316E78B /* [CP] Check Pods Manifest.lock */,
				72EB16362DE3195000C45508 /* Sources */,
				72EB16372DE3195000C45508 /* Frameworks */,
				72EB16382DE3195000C45508 /* Resources */,
				2C00D9EAE11DF0D5670022C7 /* [CP] Embed Pods Frameworks */,
			);
			buildRules = (
			);
			dependencies = (
				72EB163C2DE3195000C45508 /* PBXTargetDependency */,
			);
			fileSystemSynchronizedGroups = (
				72EB163D2DE3195000C45508 /* CartlyUITests */,
			);
			name = CartlyUITests;
			productName = CartlyUITests;
			productReference = 72EB163A2DE3195000C45508 /* CartlyUITests.xctest */;
			productType = "com.apple.product-type.bundle.ui-testing";
		};
/* End PBXNativeTarget section */

/* Begin PBXProject section */
		72EB16132DE3194600C45508 /* Project object */ = {
			isa = PBXProject;
			attributes = {
				BuildIndependentTargetsInParallel = 1;
				LastSwiftUpdateCheck = 1620;
				LastUpgradeCheck = 1620;
				TargetAttributes = {
					72EB161A2DE3194600C45508 = {
						CreatedOnToolsVersion = 16.2;
					};
					72EB162F2DE3195000C45508 = {
						CreatedOnToolsVersion = 16.2;
						TestTargetID = 72EB161A2DE3194600C45508;
					};
					72EB16392DE3195000C45508 = {
						CreatedOnToolsVersion = 16.2;
						TestTargetID = 72EB161A2DE3194600C45508;
					};
				};
			};
			buildConfigurationList = 72EB16162DE3194600C45508 /* Build configuration list for PBXProject "Cartly" */;
			developmentRegion = en;
			hasScannedForEncodings = 0;
			knownRegions = (
				en,
				Base,
			);
			mainGroup = 72EB16122DE3194600C45508;
			minimizedProjectReferenceProxies = 1;
			packageReferences = (
				724662012DEB6CEE00CE2597 /* XCRemoteSwiftPackageReference "GoogleSignIn-iOS" */,
				725E4CAA2DF1847C00F900E8 /* XCRemoteSwiftPackageReference "firebase-ios-sdk" */,
				72CAA0C92DF50651007F6AD2 /* XCRemoteSwiftPackageReference "SwiftUI-Shimmer" */,
			);
			preferredProjectObjectVersion = 77;
			productRefGroup = 72EB161C2DE3194600C45508 /* Products */;
			projectDirPath = "";
			projectRoot = "";
			targets = (
				72EB161A2DE3194600C45508 /* Cartly */,
				72EB162F2DE3195000C45508 /* CartlyTests */,
				72EB16392DE3195000C45508 /* CartlyUITests */,
			);
		};
/* End PBXProject section */

/* Begin PBXResourcesBuildPhase section */
		72EB16192DE3194600C45508 /* Resources */ = {
			isa = PBXResourcesBuildPhase;
			buildActionMask = 2147483647;
			files = (
			);
			runOnlyForDeploymentPostprocessing = 0;
		};
		72EB162E2DE3195000C45508 /* Resources */ = {
			isa = PBXResourcesBuildPhase;
			buildActionMask = 2147483647;
			files = (
			);
			runOnlyForDeploymentPostprocessing = 0;
		};
		72EB16382DE3195000C45508 /* Resources */ = {
			isa = PBXResourcesBuildPhase;
			buildActionMask = 2147483647;
			files = (
			);
			runOnlyForDeploymentPostprocessing = 0;
		};
/* End PBXResourcesBuildPhase section */

/* Begin PBXShellScriptBuildPhase section */
		2C00D9EAE11DF0D5670022C7 /* [CP] Embed Pods Frameworks */ = {
			isa = PBXShellScriptBuildPhase;
			buildActionMask = 2147483647;
			files = (
			);
			inputFileListPaths = (
				"${PODS_ROOT}/Target Support Files/Pods-Cartly-CartlyUITests/Pods-Cartly-CartlyUITests-frameworks-${CONFIGURATION}-input-files.xcfilelist",
			);
			name = "[CP] Embed Pods Frameworks";
			outputFileListPaths = (
				"${PODS_ROOT}/Target Support Files/Pods-Cartly-CartlyUITests/Pods-Cartly-CartlyUITests-frameworks-${CONFIGURATION}-output-files.xcfilelist",
			);
			runOnlyForDeploymentPostprocessing = 0;
			shellPath = /bin/sh;
			shellScript = "\"${PODS_ROOT}/Target Support Files/Pods-Cartly-CartlyUITests/Pods-Cartly-CartlyUITests-frameworks.sh\"\n";
			showEnvVarsInLog = 0;
		};
		3E09EE82E52F308594CBB139 /* [CP] Check Pods Manifest.lock */ = {
			isa = PBXShellScriptBuildPhase;
			buildActionMask = 2147483647;
			files = (
			);
			inputFileListPaths = (
			);
			inputPaths = (
				"${PODS_PODFILE_DIR_PATH}/Podfile.lock",
				"${PODS_ROOT}/Manifest.lock",
			);
			name = "[CP] Check Pods Manifest.lock";
			outputFileListPaths = (
			);
			outputPaths = (
				"$(DERIVED_FILE_DIR)/Pods-Cartly-checkManifestLockResult.txt",
			);
			runOnlyForDeploymentPostprocessing = 0;
			shellPath = /bin/sh;
			shellScript = "diff \"${PODS_PODFILE_DIR_PATH}/Podfile.lock\" \"${PODS_ROOT}/Manifest.lock\" > /dev/null\nif [ $? != 0 ] ; then\n    # print error to STDERR\n    echo \"error: The sandbox is not in sync with the Podfile.lock. Run 'pod install' or update your CocoaPods installation.\" >&2\n    exit 1\nfi\n# This output is used by Xcode 'outputs' to avoid re-running this script phase.\necho \"SUCCESS\" > \"${SCRIPT_OUTPUT_FILE_0}\"\n";
			showEnvVarsInLog = 0;
		};
		4CC35F789763425CD316E78B /* [CP] Check Pods Manifest.lock */ = {
			isa = PBXShellScriptBuildPhase;
			buildActionMask = 2147483647;
			files = (
			);
			inputFileListPaths = (
			);
			inputPaths = (
				"${PODS_PODFILE_DIR_PATH}/Podfile.lock",
				"${PODS_ROOT}/Manifest.lock",
			);
			name = "[CP] Check Pods Manifest.lock";
			outputFileListPaths = (
			);
			outputPaths = (
				"$(DERIVED_FILE_DIR)/Pods-Cartly-CartlyUITests-checkManifestLockResult.txt",
			);
			runOnlyForDeploymentPostprocessing = 0;
			shellPath = /bin/sh;
			shellScript = "diff \"${PODS_PODFILE_DIR_PATH}/Podfile.lock\" \"${PODS_ROOT}/Manifest.lock\" > /dev/null\nif [ $? != 0 ] ; then\n    # print error to STDERR\n    echo \"error: The sandbox is not in sync with the Podfile.lock. Run 'pod install' or update your CocoaPods installation.\" >&2\n    exit 1\nfi\n# This output is used by Xcode 'outputs' to avoid re-running this script phase.\necho \"SUCCESS\" > \"${SCRIPT_OUTPUT_FILE_0}\"\n";
			showEnvVarsInLog = 0;
		};
		61F59044EA9F9EABB9AFCF39 /* [CP] Embed Pods Frameworks */ = {
			isa = PBXShellScriptBuildPhase;
			buildActionMask = 2147483647;
			files = (
			);
			inputFileListPaths = (
				"${PODS_ROOT}/Target Support Files/Pods-Cartly/Pods-Cartly-frameworks-${CONFIGURATION}-input-files.xcfilelist",
			);
			name = "[CP] Embed Pods Frameworks";
			outputFileListPaths = (
				"${PODS_ROOT}/Target Support Files/Pods-Cartly/Pods-Cartly-frameworks-${CONFIGURATION}-output-files.xcfilelist",
			);
			runOnlyForDeploymentPostprocessing = 0;
			shellPath = /bin/sh;
			shellScript = "\"${PODS_ROOT}/Target Support Files/Pods-Cartly/Pods-Cartly-frameworks.sh\"\n";
			showEnvVarsInLog = 0;
		};
		95CD923E35DA2FDA714D86A8 /* [CP] Check Pods Manifest.lock */ = {
			isa = PBXShellScriptBuildPhase;
			buildActionMask = 2147483647;
			files = (
			);
			inputFileListPaths = (
			);
			inputPaths = (
				"${PODS_PODFILE_DIR_PATH}/Podfile.lock",
				"${PODS_ROOT}/Manifest.lock",
			);
			name = "[CP] Check Pods Manifest.lock";
			outputFileListPaths = (
			);
			outputPaths = (
				"$(DERIVED_FILE_DIR)/Pods-CartlyTests-checkManifestLockResult.txt",
			);
			runOnlyForDeploymentPostprocessing = 0;
			shellPath = /bin/sh;
			shellScript = "diff \"${PODS_PODFILE_DIR_PATH}/Podfile.lock\" \"${PODS_ROOT}/Manifest.lock\" > /dev/null\nif [ $? != 0 ] ; then\n    # print error to STDERR\n    echo \"error: The sandbox is not in sync with the Podfile.lock. Run 'pod install' or update your CocoaPods installation.\" >&2\n    exit 1\nfi\n# This output is used by Xcode 'outputs' to avoid re-running this script phase.\necho \"SUCCESS\" > \"${SCRIPT_OUTPUT_FILE_0}\"\n";
			showEnvVarsInLog = 0;
		};
/* End PBXShellScriptBuildPhase section */

/* Begin PBXSourcesBuildPhase section */
		72EB16172DE3194600C45508 /* Sources */ = {
			isa = PBXSourcesBuildPhase;
			buildActionMask = 2147483647;
			files = (
			);
			runOnlyForDeploymentPostprocessing = 0;
		};
		72EB162C2DE3195000C45508 /* Sources */ = {
			isa = PBXSourcesBuildPhase;
			buildActionMask = 2147483647;
			files = (
			);
			runOnlyForDeploymentPostprocessing = 0;
		};
		72EB16362DE3195000C45508 /* Sources */ = {
			isa = PBXSourcesBuildPhase;
			buildActionMask = 2147483647;
			files = (
			);
			runOnlyForDeploymentPostprocessing = 0;
		};
/* End PBXSourcesBuildPhase section */

/* Begin PBXTargetDependency section */
		72EB16322DE3195000C45508 /* PBXTargetDependency */ = {
			isa = PBXTargetDependency;
			target = 72EB161A2DE3194600C45508 /* Cartly */;
			targetProxy = 72EB16312DE3195000C45508 /* PBXContainerItemProxy */;
		};
		72EB163C2DE3195000C45508 /* PBXTargetDependency */ = {
			isa = PBXTargetDependency;
			target = 72EB161A2DE3194600C45508 /* Cartly */;
			targetProxy = 72EB163B2DE3195000C45508 /* PBXContainerItemProxy */;
		};
/* End PBXTargetDependency section */

/* Begin XCBuildConfiguration section */
		72EB16422DE3195000C45508 /* Debug */ = {
			isa = XCBuildConfiguration;
			buildSettings = {
				ALWAYS_SEARCH_USER_PATHS = NO;
				ASSETCATALOG_COMPILER_GENERATE_SWIFT_ASSET_SYMBOL_EXTENSIONS = YES;
				CLANG_ANALYZER_NONNULL = YES;
				CLANG_ANALYZER_NUMBER_OBJECT_CONVERSION = YES_AGGRESSIVE;
				CLANG_CXX_LANGUAGE_STANDARD = "gnu++20";
				CLANG_ENABLE_MODULES = YES;
				CLANG_ENABLE_OBJC_ARC = YES;
				CLANG_ENABLE_OBJC_WEAK = YES;
				CLANG_WARN_BLOCK_CAPTURE_AUTORELEASING = YES;
				CLANG_WARN_BOOL_CONVERSION = YES;
				CLANG_WARN_COMMA = YES;
				CLANG_WARN_CONSTANT_CONVERSION = YES;
				CLANG_WARN_DEPRECATED_OBJC_IMPLEMENTATIONS = YES;
				CLANG_WARN_DIRECT_OBJC_ISA_USAGE = YES_ERROR;
				CLANG_WARN_DOCUMENTATION_COMMENTS = YES;
				CLANG_WARN_EMPTY_BODY = YES;
				CLANG_WARN_ENUM_CONVERSION = YES;
				CLANG_WARN_INFINITE_RECURSION = YES;
				CLANG_WARN_INT_CONVERSION = YES;
				CLANG_WARN_NON_LITERAL_NULL_CONVERSION = YES;
				CLANG_WARN_OBJC_IMPLICIT_RETAIN_SELF = YES;
				CLANG_WARN_OBJC_LITERAL_CONVERSION = YES;
				CLANG_WARN_OBJC_ROOT_CLASS = YES_ERROR;
				CLANG_WARN_QUOTED_INCLUDE_IN_FRAMEWORK_HEADER = YES;
				CLANG_WARN_RANGE_LOOP_ANALYSIS = YES;
				CLANG_WARN_STRICT_PROTOTYPES = YES;
				CLANG_WARN_SUSPICIOUS_MOVE = YES;
				CLANG_WARN_UNGUARDED_AVAILABILITY = YES_AGGRESSIVE;
				CLANG_WARN_UNREACHABLE_CODE = YES;
				CLANG_WARN__DUPLICATE_METHOD_MATCH = YES;
				COPY_PHASE_STRIP = NO;
				DEBUG_INFORMATION_FORMAT = dwarf;
				ENABLE_STRICT_OBJC_MSGSEND = YES;
				ENABLE_TESTABILITY = YES;
				ENABLE_USER_SCRIPT_SANDBOXING = YES;
				GCC_C_LANGUAGE_STANDARD = gnu17;
				GCC_DYNAMIC_NO_PIC = NO;
				GCC_NO_COMMON_BLOCKS = YES;
				GCC_OPTIMIZATION_LEVEL = 0;
				GCC_PREPROCESSOR_DEFINITIONS = (
					"DEBUG=1",
					"$(inherited)",
				);
				GCC_WARN_64_TO_32_BIT_CONVERSION = YES;
				GCC_WARN_ABOUT_RETURN_TYPE = YES_ERROR;
				GCC_WARN_UNDECLARED_SELECTOR = YES;
				GCC_WARN_UNINITIALIZED_AUTOS = YES_AGGRESSIVE;
				GCC_WARN_UNUSED_FUNCTION = YES;
				GCC_WARN_UNUSED_VARIABLE = YES;
				IPHONEOS_DEPLOYMENT_TARGET = 18.2;
				LOCALIZATION_PREFERS_STRING_CATALOGS = YES;
				MTL_ENABLE_DEBUG_INFO = INCLUDE_SOURCE;
				MTL_FAST_MATH = YES;
				ONLY_ACTIVE_ARCH = YES;
				SDKROOT = iphoneos;
				SWIFT_ACTIVE_COMPILATION_CONDITIONS = "DEBUG $(inherited)";
				SWIFT_OPTIMIZATION_LEVEL = "-Onone";
			};
			name = Debug;
		};
		72EB16432DE3195000C45508 /* Release */ = {
			isa = XCBuildConfiguration;
			buildSettings = {
				ALWAYS_SEARCH_USER_PATHS = NO;
				ASSETCATALOG_COMPILER_GENERATE_SWIFT_ASSET_SYMBOL_EXTENSIONS = YES;
				CLANG_ANALYZER_NONNULL = YES;
				CLANG_ANALYZER_NUMBER_OBJECT_CONVERSION = YES_AGGRESSIVE;
				CLANG_CXX_LANGUAGE_STANDARD = "gnu++20";
				CLANG_ENABLE_MODULES = YES;
				CLANG_ENABLE_OBJC_ARC = YES;
				CLANG_ENABLE_OBJC_WEAK = YES;
				CLANG_WARN_BLOCK_CAPTURE_AUTORELEASING = YES;
				CLANG_WARN_BOOL_CONVERSION = YES;
				CLANG_WARN_COMMA = YES;
				CLANG_WARN_CONSTANT_CONVERSION = YES;
				CLANG_WARN_DEPRECATED_OBJC_IMPLEMENTATIONS = YES;
				CLANG_WARN_DIRECT_OBJC_ISA_USAGE = YES_ERROR;
				CLANG_WARN_DOCUMENTATION_COMMENTS = YES;
				CLANG_WARN_EMPTY_BODY = YES;
				CLANG_WARN_ENUM_CONVERSION = YES;
				CLANG_WARN_INFINITE_RECURSION = YES;
				CLANG_WARN_INT_CONVERSION = YES;
				CLANG_WARN_NON_LITERAL_NULL_CONVERSION = YES;
				CLANG_WARN_OBJC_IMPLICIT_RETAIN_SELF = YES;
				CLANG_WARN_OBJC_LITERAL_CONVERSION = YES;
				CLANG_WARN_OBJC_ROOT_CLASS = YES_ERROR;
				CLANG_WARN_QUOTED_INCLUDE_IN_FRAMEWORK_HEADER = YES;
				CLANG_WARN_RANGE_LOOP_ANALYSIS = YES;
				CLANG_WARN_STRICT_PROTOTYPES = YES;
				CLANG_WARN_SUSPICIOUS_MOVE = YES;
				CLANG_WARN_UNGUARDED_AVAILABILITY = YES_AGGRESSIVE;
				CLANG_WARN_UNREACHABLE_CODE = YES;
				CLANG_WARN__DUPLICATE_METHOD_MATCH = YES;
				COPY_PHASE_STRIP = NO;
				DEBUG_INFORMATION_FORMAT = "dwarf-with-dsym";
				ENABLE_NS_ASSERTIONS = NO;
				ENABLE_STRICT_OBJC_MSGSEND = YES;
				ENABLE_USER_SCRIPT_SANDBOXING = YES;
				GCC_C_LANGUAGE_STANDARD = gnu17;
				GCC_NO_COMMON_BLOCKS = YES;
				GCC_WARN_64_TO_32_BIT_CONVERSION = YES;
				GCC_WARN_ABOUT_RETURN_TYPE = YES_ERROR;
				GCC_WARN_UNDECLARED_SELECTOR = YES;
				GCC_WARN_UNINITIALIZED_AUTOS = YES_AGGRESSIVE;
				GCC_WARN_UNUSED_FUNCTION = YES;
				GCC_WARN_UNUSED_VARIABLE = YES;
				IPHONEOS_DEPLOYMENT_TARGET = 18.2;
				LOCALIZATION_PREFERS_STRING_CATALOGS = YES;
				MTL_ENABLE_DEBUG_INFO = NO;
				MTL_FAST_MATH = YES;
				SDKROOT = iphoneos;
				SWIFT_COMPILATION_MODE = wholemodule;
				VALIDATE_PRODUCT = YES;
			};
			name = Release;
		};
		72EB16452DE3195000C45508 /* Debug */ = {
			isa = XCBuildConfiguration;
			baseConfigurationReference = 8DEAF64BEFD02C7E89BA7EA1 /* Pods-Cartly.debug.xcconfig */;
			buildSettings = {
				ASSETCATALOG_COMPILER_APPICON_NAME = AppIcon;
				ASSETCATALOG_COMPILER_GLOBAL_ACCENT_COLOR_NAME = AccentColor;
				CODE_SIGN_STYLE = Automatic;
				CURRENT_PROJECT_VERSION = 1;
				DEVELOPMENT_ASSET_PATHS = "\"Cartly/Preview Content\"";
				ENABLE_PREVIEWS = YES;
				ENABLE_USER_SCRIPT_SANDBOXING = NO;
				GENERATE_INFOPLIST_FILE = YES;
				INFOPLIST_KEY_CFBundleDisplayName = Cartly;
				INFOPLIST_KEY_LSApplicationCategoryType = "public.app-category.business";
				INFOPLIST_KEY_UIApplicationSceneManifest_Generation = YES;
				INFOPLIST_KEY_UIApplicationSupportsIndirectInputEvents = YES;
				INFOPLIST_KEY_UILaunchScreen_Generation = YES;
				INFOPLIST_KEY_UISupportedInterfaceOrientations_iPad = "UIInterfaceOrientationPortrait UIInterfaceOrientationPortraitUpsideDown UIInterfaceOrientationLandscapeLeft UIInterfaceOrientationLandscapeRight";
				INFOPLIST_KEY_UISupportedInterfaceOrientations_iPhone = "UIInterfaceOrientationPortrait UIInterfaceOrientationLandscapeLeft UIInterfaceOrientationLandscapeRight";
				LD_RUNPATH_SEARCH_PATHS = (
					"$(inherited)",
					"@executable_path/Frameworks",
				);
				MARKETING_VERSION = 1.0;
				PRODUCT_BUNDLE_IDENTIFIER = iti.Cartly;
				PRODUCT_NAME = "$(TARGET_NAME)";
				SWIFT_EMIT_LOC_STRINGS = YES;
				SWIFT_VERSION = 5.0;
				TARGETED_DEVICE_FAMILY = "1,2";
			};
			name = Debug;
		};
		72EB16462DE3195000C45508 /* Release */ = {
			isa = XCBuildConfiguration;
			baseConfigurationReference = D6E5768ABAE28F88430785D7 /* Pods-Cartly.release.xcconfig */;
			buildSettings = {
				ASSETCATALOG_COMPILER_APPICON_NAME = AppIcon;
				ASSETCATALOG_COMPILER_GLOBAL_ACCENT_COLOR_NAME = AccentColor;
				CODE_SIGN_STYLE = Automatic;
				CURRENT_PROJECT_VERSION = 1;
				DEVELOPMENT_ASSET_PATHS = "\"Cartly/Preview Content\"";
				ENABLE_PREVIEWS = YES;
				ENABLE_USER_SCRIPT_SANDBOXING = NO;
				GENERATE_INFOPLIST_FILE = YES;
				INFOPLIST_KEY_CFBundleDisplayName = Cartly;
				INFOPLIST_KEY_LSApplicationCategoryType = "public.app-category.business";
				INFOPLIST_KEY_UIApplicationSceneManifest_Generation = YES;
				INFOPLIST_KEY_UIApplicationSupportsIndirectInputEvents = YES;
				INFOPLIST_KEY_UILaunchScreen_Generation = YES;
				INFOPLIST_KEY_UISupportedInterfaceOrientations_iPad = "UIInterfaceOrientationPortrait UIInterfaceOrientationPortraitUpsideDown UIInterfaceOrientationLandscapeLeft UIInterfaceOrientationLandscapeRight";
				INFOPLIST_KEY_UISupportedInterfaceOrientations_iPhone = "UIInterfaceOrientationPortrait UIInterfaceOrientationLandscapeLeft UIInterfaceOrientationLandscapeRight";
				LD_RUNPATH_SEARCH_PATHS = (
					"$(inherited)",
					"@executable_path/Frameworks",
				);
				MARKETING_VERSION = 1.0;
				PRODUCT_BUNDLE_IDENTIFIER = iti.Cartly;
				PRODUCT_NAME = "$(TARGET_NAME)";
				SWIFT_EMIT_LOC_STRINGS = YES;
				SWIFT_VERSION = 5.0;
				TARGETED_DEVICE_FAMILY = "1,2";
			};
			name = Release;
		};
		72EB16482DE3195000C45508 /* Debug */ = {
			isa = XCBuildConfiguration;
			baseConfigurationReference = 3C2FBE6649FB1A6F83879914 /* Pods-CartlyTests.debug.xcconfig */;
			buildSettings = {
				BUNDLE_LOADER = "$(TEST_HOST)";
				CODE_SIGN_STYLE = Automatic;
				CURRENT_PROJECT_VERSION = 1;
				GENERATE_INFOPLIST_FILE = YES;
				IPHONEOS_DEPLOYMENT_TARGET = 18.2;
				MARKETING_VERSION = 1.0;
				PRODUCT_BUNDLE_IDENTIFIER = iti.CartlyTests;
				PRODUCT_NAME = "$(TARGET_NAME)";
				SWIFT_EMIT_LOC_STRINGS = NO;
				SWIFT_VERSION = 5.0;
				TARGETED_DEVICE_FAMILY = "1,2";
				TEST_HOST = "$(BUILT_PRODUCTS_DIR)/Cartly.app/$(BUNDLE_EXECUTABLE_FOLDER_PATH)/Cartly";
			};
			name = Debug;
		};
		72EB16492DE3195000C45508 /* Release */ = {
			isa = XCBuildConfiguration;
			baseConfigurationReference = 7B80452871458EBE34B1D183 /* Pods-CartlyTests.release.xcconfig */;
			buildSettings = {
				BUNDLE_LOADER = "$(TEST_HOST)";
				CODE_SIGN_STYLE = Automatic;
				CURRENT_PROJECT_VERSION = 1;
				GENERATE_INFOPLIST_FILE = YES;
				IPHONEOS_DEPLOYMENT_TARGET = 18.2;
				MARKETING_VERSION = 1.0;
				PRODUCT_BUNDLE_IDENTIFIER = iti.CartlyTests;
				PRODUCT_NAME = "$(TARGET_NAME)";
				SWIFT_EMIT_LOC_STRINGS = NO;
				SWIFT_VERSION = 5.0;
				TARGETED_DEVICE_FAMILY = "1,2";
				TEST_HOST = "$(BUILT_PRODUCTS_DIR)/Cartly.app/$(BUNDLE_EXECUTABLE_FOLDER_PATH)/Cartly";
			};
			name = Release;
		};
		72EB164B2DE3195000C45508 /* Debug */ = {
			isa = XCBuildConfiguration;
			baseConfigurationReference = 66CED5DE67155C1DD09EF624 /* Pods-Cartly-CartlyUITests.debug.xcconfig */;
			buildSettings = {
				CODE_SIGN_STYLE = Automatic;
				CURRENT_PROJECT_VERSION = 1;
				GENERATE_INFOPLIST_FILE = YES;
				MARKETING_VERSION = 1.0;
				PRODUCT_BUNDLE_IDENTIFIER = iti.CartlyUITests;
				PRODUCT_NAME = "$(TARGET_NAME)";
				SWIFT_EMIT_LOC_STRINGS = NO;
				SWIFT_VERSION = 5.0;
				TARGETED_DEVICE_FAMILY = "1,2";
				TEST_TARGET_NAME = Cartly;
			};
			name = Debug;
		};
		72EB164C2DE3195000C45508 /* Release */ = {
			isa = XCBuildConfiguration;
			baseConfigurationReference = 4C276FB8740788CECF99103E /* Pods-Cartly-CartlyUITests.release.xcconfig */;
			buildSettings = {
				CODE_SIGN_STYLE = Automatic;
				CURRENT_PROJECT_VERSION = 1;
				GENERATE_INFOPLIST_FILE = YES;
				MARKETING_VERSION = 1.0;
				PRODUCT_BUNDLE_IDENTIFIER = iti.CartlyUITests;
				PRODUCT_NAME = "$(TARGET_NAME)";
				SWIFT_EMIT_LOC_STRINGS = NO;
				SWIFT_VERSION = 5.0;
				TARGETED_DEVICE_FAMILY = "1,2";
				TEST_TARGET_NAME = Cartly;
			};
			name = Release;
		};
/* End XCBuildConfiguration section */

/* Begin XCConfigurationList section */
		72EB16162DE3194600C45508 /* Build configuration list for PBXProject "Cartly" */ = {
			isa = XCConfigurationList;
			buildConfigurations = (
				72EB16422DE3195000C45508 /* Debug */,
				72EB16432DE3195000C45508 /* Release */,
			);
			defaultConfigurationIsVisible = 0;
			defaultConfigurationName = Release;
		};
		72EB16442DE3195000C45508 /* Build configuration list for PBXNativeTarget "Cartly" */ = {
			isa = XCConfigurationList;
			buildConfigurations = (
				72EB16452DE3195000C45508 /* Debug */,
				72EB16462DE3195000C45508 /* Release */,
			);
			defaultConfigurationIsVisible = 0;
			defaultConfigurationName = Release;
		};
		72EB16472DE3195000C45508 /* Build configuration list for PBXNativeTarget "CartlyTests" */ = {
			isa = XCConfigurationList;
			buildConfigurations = (
				72EB16482DE3195000C45508 /* Debug */,
				72EB16492DE3195000C45508 /* Release */,
			);
			defaultConfigurationIsVisible = 0;
			defaultConfigurationName = Release;
		};
		72EB164A2DE3195000C45508 /* Build configuration list for PBXNativeTarget "CartlyUITests" */ = {
			isa = XCConfigurationList;
			buildConfigurations = (
				72EB164B2DE3195000C45508 /* Debug */,
				72EB164C2DE3195000C45508 /* Release */,
			);
			defaultConfigurationIsVisible = 0;
			defaultConfigurationName = Release;
		};
/* End XCConfigurationList section */

/* Begin XCRemoteSwiftPackageReference section */
		724662012DEB6CEE00CE2597 /* XCRemoteSwiftPackageReference "GoogleSignIn-iOS" */ = {
			isa = XCRemoteSwiftPackageReference;
			repositoryURL = "https://github.com/google/GoogleSignIn-iOS";
			requirement = {
				kind = upToNextMajorVersion;
				minimumVersion = 8.0.0;
			};
		};
		725E4CAA2DF1847C00F900E8 /* XCRemoteSwiftPackageReference "firebase-ios-sdk" */ = {
			isa = XCRemoteSwiftPackageReference;
			repositoryURL = "https://github.com/firebase/firebase-ios-sdk";
			requirement = {
				kind = upToNextMajorVersion;
				minimumVersion = 11.14.0;
			};
		};
		72CAA0C92DF50651007F6AD2 /* XCRemoteSwiftPackageReference "SwiftUI-Shimmer" */ = {
			isa = XCRemoteSwiftPackageReference;
			repositoryURL = "https://github.com/markiv/SwiftUI-Shimmer.git";
			requirement = {
				kind = upToNextMajorVersion;
				minimumVersion = 1.5.1;
			};
		};
/* End XCRemoteSwiftPackageReference section */

/* Begin XCSwiftPackageProductDependency section */
		724662022DEB6CEE00CE2597 /* GoogleSignIn */ = {
			isa = XCSwiftPackageProductDependency;
			package = 724662012DEB6CEE00CE2597 /* XCRemoteSwiftPackageReference "GoogleSignIn-iOS" */;
			productName = GoogleSignIn;
		};
		724662042DEB6CEE00CE2597 /* GoogleSignInSwift */ = {
			isa = XCSwiftPackageProductDependency;
			package = 724662012DEB6CEE00CE2597 /* XCRemoteSwiftPackageReference "GoogleSignIn-iOS" */;
			productName = GoogleSignInSwift;
		};
		725E4CAF2DF1847C00F900E8 /* FirebaseAuth */ = {
			isa = XCSwiftPackageProductDependency;
			package = 725E4CAA2DF1847C00F900E8 /* XCRemoteSwiftPackageReference "firebase-ios-sdk" */;
			productName = FirebaseAuth;
		};
		725E4CB32DF1847C00F900E8 /* FirebaseCore */ = {
			isa = XCSwiftPackageProductDependency;
			package = 725E4CAA2DF1847C00F900E8 /* XCRemoteSwiftPackageReference "firebase-ios-sdk" */;
			productName = FirebaseCore;
		};
		725E4CB52DF1847C00F900E8 /* FirebaseDatabase */ = {
			isa = XCSwiftPackageProductDependency;
			package = 725E4CAA2DF1847C00F900E8 /* XCRemoteSwiftPackageReference "firebase-ios-sdk" */;
			productName = FirebaseDatabase;
		};
		725E4CB72DF1847C00F900E8 /* FirebaseFirestore */ = {
			isa = XCSwiftPackageProductDependency;
			package = 725E4CAA2DF1847C00F900E8 /* XCRemoteSwiftPackageReference "firebase-ios-sdk" */;
			productName = FirebaseFirestore;
		};
		72CAA0CA2DF50651007F6AD2 /* Shimmer */ = {
			isa = XCSwiftPackageProductDependency;
			package = 72CAA0C92DF50651007F6AD2 /* XCRemoteSwiftPackageReference "SwiftUI-Shimmer" */;
			productName = Shimmer;
		};
/* End XCSwiftPackageProductDependency section */
	};
	rootObject = 72EB16132DE3194600C45508 /* Project object */;
}
