// !$*UTF8*$!
{
	archiveVersion = 1;
	classes = {
	};
	objectVersion = 77;
	objects = {

/* Begin PBXBuildFile section */
		5EF5DCFD16061910E2B1D76D /* Pods_CartlyTests.framework in Frameworks */ = {isa = PBXBuildFile; fileRef = 347457CF75F85AD8F10AC8A6 /* Pods_CartlyTests.framework */; };
		724662032DEB6CEE00CE2597 /* GoogleSignIn in Frameworks */ = {isa = PBXBuildFile; productRef = 724662022DEB6CEE00CE2597 /* GoogleSignIn */; };
		724662052DEB6CEE00CE2597 /* GoogleSignInSwift in Frameworks */ = {isa = PBXBuildFile; productRef = 724662042DEB6CEE00CE2597 /* GoogleSignInSwift */; };
		72AAAA462DE50A730052D37C /* FirebaseAuth in Frameworks */ = {isa = PBXBuildFile; productRef = 72AAAA452DE50A730052D37C /* FirebaseAuth */; };
		72AAAA482DE50A730052D37C /* FirebaseAuthCombine-Community in Frameworks */ = {isa = PBXBuildFile; productRef = 72AAAA472DE50A730052D37C /* FirebaseAuthCombine-Community */; };
		72AAAA4A2DE50A730052D37C /* FirebaseCore in Frameworks */ = {isa = PBXBuildFile; productRef = 72AAAA492DE50A730052D37C /* FirebaseCore */; };
		9979B773FF0B50BB3A45278B /* Pods_Cartly.framework in Frameworks */ = {isa = PBXBuildFile; fileRef = 46BA9C392137B88982CB5131 /* Pods_Cartly.framework */; };
		C8D9D2C0A0A1E63DB96E7256 /* Pods_Cartly_CartlyUITests.framework in Frameworks */ = {isa = PBXBuildFile; fileRef = 4120A310AEA7179EAF688742 /* Pods_Cartly_CartlyUITests.framework */; };
/* End PBXBuildFile section */

/* Begin PBXContainerItemProxy section */
		72EB16312DE3195000C45508 /* PBXContainerItemProxy */ = {
			isa = PBXContainerItemProxy;
			containerPortal = 72EB16132DE3194600C45508 /* Project object */;
			proxyType = 1;
			remoteGlobalIDString = 72EB161A2DE3194600C45508;
			remoteInfo = Cartly;
		};
		72EB163B2DE3195000C45508 /* PBXContainerItemProxy */ = {
			isa = PBXContainerItemProxy;
			containerPortal = 72EB16132DE3194600C45508 /* Project object */;
			proxyType = 1;
			remoteGlobalIDString = 72EB161A2DE3194600C45508;
			remoteInfo = Cartly;
		};
/* End PBXContainerItemProxy section */

/* Begin PBXFileReference section */
		347457CF75F85AD8F10AC8A6 /* Pods_CartlyTests.framework */ = {isa = PBXFileReference; explicitFileType = wrapper.framework; includeInIndex = 0; path = Pods_CartlyTests.framework; sourceTree = BUILT_PRODUCTS_DIR; };
		37C682120AA793A5A465817D /* Pods-Cartly-CartlyUITests.debug.xcconfig */ = {isa = PBXFileReference; includeInIndex = 1; lastKnownFileType = text.xcconfig; name = "Pods-Cartly-CartlyUITests.debug.xcconfig"; path = "Target Support Files/Pods-Cartly-CartlyUITests/Pods-Cartly-CartlyUITests.debug.xcconfig"; sourceTree = "<group>"; };
		4120A310AEA7179EAF688742 /* Pods_Cartly_CartlyUITests.framework */ = {isa = PBXFileReference; explicitFileType = wrapper.framework; includeInIndex = 0; path = Pods_Cartly_CartlyUITests.framework; sourceTree = BUILT_PRODUCTS_DIR; };
		46BA9C392137B88982CB5131 /* Pods_Cartly.framework */ = {isa = PBXFileReference; explicitFileType = wrapper.framework; includeInIndex = 0; path = Pods_Cartly.framework; sourceTree = BUILT_PRODUCTS_DIR; };
		5C6839AA30BC17EADF2C1C90 /* Pods-CartlyTests.debug.xcconfig */ = {isa = PBXFileReference; includeInIndex = 1; lastKnownFileType = text.xcconfig; name = "Pods-CartlyTests.debug.xcconfig"; path = "Target Support Files/Pods-CartlyTests/Pods-CartlyTests.debug.xcconfig"; sourceTree = "<group>"; };
		6696EBD1452F43791D98A089 /* Pods-Cartly.release.xcconfig */ = {isa = PBXFileReference; includeInIndex = 1; lastKnownFileType = text.xcconfig; name = "Pods-Cartly.release.xcconfig"; path = "Target Support Files/Pods-Cartly/Pods-Cartly.release.xcconfig"; sourceTree = "<group>"; };
		701803F66CAF5BC32212E958 /* Pods-CartlyTests.release.xcconfig */ = {isa = PBXFileReference; includeInIndex = 1; lastKnownFileType = text.xcconfig; name = "Pods-CartlyTests.release.xcconfig"; path = "Target Support Files/Pods-CartlyTests/Pods-CartlyTests.release.xcconfig"; sourceTree = "<group>"; };
		72EB161B2DE3194600C45508 /* Cartly.app */ = {isa = PBXFileReference; explicitFileType = wrapper.application; includeInIndex = 0; path = Cartly.app; sourceTree = BUILT_PRODUCTS_DIR; };
		72EB16302DE3195000C45508 /* CartlyTests.xctest */ = {isa = PBXFileReference; explicitFileType = wrapper.cfbundle; includeInIndex = 0; path = CartlyTests.xctest; sourceTree = BUILT_PRODUCTS_DIR; };
		72EB163A2DE3195000C45508 /* CartlyUITests.xctest */ = {isa = PBXFileReference; explicitFileType = wrapper.cfbundle; includeInIndex = 0; path = CartlyUITests.xctest; sourceTree = BUILT_PRODUCTS_DIR; };
		947EA436BD069DF7A4F1960D /* Pods-Cartly-CartlyUITests.release.xcconfig */ = {isa = PBXFileReference; includeInIndex = 1; lastKnownFileType = text.xcconfig; name = "Pods-Cartly-CartlyUITests.release.xcconfig"; path = "Target Support Files/Pods-Cartly-CartlyUITests/Pods-Cartly-CartlyUITests.release.xcconfig"; sourceTree = "<group>"; };
		B5CCBDC1E1ADA36F84DBC05F /* Pods-Cartly.debug.xcconfig */ = {isa = PBXFileReference; includeInIndex = 1; lastKnownFileType = text.xcconfig; name = "Pods-Cartly.debug.xcconfig"; path = "Target Support Files/Pods-Cartly/Pods-Cartly.debug.xcconfig"; sourceTree = "<group>"; };
/* End PBXFileReference section */

/* Begin PBXFileSystemSynchronizedBuildFileExceptionSet section */
		78F93A292DE7B28000CD666A /* Exceptions for "Cartly" folder in "Cartly" target */ = {
			isa = PBXFileSystemSynchronizedBuildFileExceptionSet;
			membershipExceptions = (
				Presentation/Components/dummy.swift,
			);
			target = 72EB161A2DE3194600C45508 /* Cartly */;
		};
/* End PBXFileSystemSynchronizedBuildFileExceptionSet section */

/* Begin PBXFileSystemSynchronizedRootGroup section */
		72EB161D2DE3194600C45508 /* Cartly */ = {
			isa = PBXFileSystemSynchronizedRootGroup;
			exceptions = (
				78F93A292DE7B28000CD666A /* Exceptions for "Cartly" folder in "Cartly" target */,
			);
			path = Cartly;
			sourceTree = "<group>";
		};
		72EB16332DE3195000C45508 /* CartlyTests */ = {
			isa = PBXFileSystemSynchronizedRootGroup;
			path = CartlyTests;
			sourceTree = "<group>";
		};
		72EB163D2DE3195000C45508 /* CartlyUITests */ = {
			isa = PBXFileSystemSynchronizedRootGroup;
			path = CartlyUITests;
			sourceTree = "<group>";
		};
/* End PBXFileSystemSynchronizedRootGroup section */

/* Begin PBXFrameworksBuildPhase section */
		72EB16182DE3194600C45508 /* Frameworks */ = {
			isa = PBXFrameworksBuildPhase;
			buildActionMask = 2147483647;
			files = (
				724662032DEB6CEE00CE2597 /* GoogleSignIn in Frameworks */,
				72AAAA462DE50A730052D37C /* FirebaseAuth in Frameworks */,
				72AAAA4A2DE50A730052D37C /* FirebaseCore in Frameworks */,
				724662052DEB6CEE00CE2597 /* GoogleSignInSwift in Frameworks */,
				72AAAA482DE50A730052D37C /* FirebaseAuthCombine-Community in Frameworks */,
				9979B773FF0B50BB3A45278B /* Pods_Cartly.framework in Frameworks */,
			);
			runOnlyForDeploymentPostprocessing = 0;
		};
		72EB162D2DE3195000C45508 /* Frameworks */ = {
			isa = PBXFrameworksBuildPhase;
			buildActionMask = 2147483647;
			files = (
				5EF5DCFD16061910E2B1D76D /* Pods_CartlyTests.framework in Frameworks */,
			);
			runOnlyForDeploymentPostprocessing = 0;
		};
		72EB16372DE3195000C45508 /* Frameworks */ = {
			isa = PBXFrameworksBuildPhase;
			buildActionMask = 2147483647;
			files = (
				C8D9D2C0A0A1E63DB96E7256 /* Pods_Cartly_CartlyUITests.framework in Frameworks */,
			);
			runOnlyForDeploymentPostprocessing = 0;
		};
/* End PBXFrameworksBuildPhase section */

/* Begin PBXGroup section */
		07B2FFEAC583C59A95BF1C61 /* Pods */ = {
			isa = PBXGroup;
			children = (
				B5CCBDC1E1ADA36F84DBC05F /* Pods-Cartly.debug.xcconfig */,
				6696EBD1452F43791D98A089 /* Pods-Cartly.release.xcconfig */,
				37C682120AA793A5A465817D /* Pods-Cartly-CartlyUITests.debug.xcconfig */,
				947EA436BD069DF7A4F1960D /* Pods-Cartly-CartlyUITests.release.xcconfig */,
				5C6839AA30BC17EADF2C1C90 /* Pods-CartlyTests.debug.xcconfig */,
				701803F66CAF5BC32212E958 /* Pods-CartlyTests.release.xcconfig */,
			);
			path = Pods;
			sourceTree = "<group>";
		};
		61C98E1BC58099D8EB986D6C /* Frameworks */ = {
			isa = PBXGroup;
			children = (
				46BA9C392137B88982CB5131 /* Pods_Cartly.framework */,
				4120A310AEA7179EAF688742 /* Pods_Cartly_CartlyUITests.framework */,
				347457CF75F85AD8F10AC8A6 /* Pods_CartlyTests.framework */,
			);
			name = Frameworks;
			sourceTree = "<group>";
		};
		72EB16122DE3194600C45508 = {
			isa = PBXGroup;
			children = (
				72EB161D2DE3194600C45508 /* Cartly */,
				72EB16332DE3195000C45508 /* CartlyTests */,
				72EB163D2DE3195000C45508 /* CartlyUITests */,
				72EB161C2DE3194600C45508 /* Products */,
				07B2FFEAC583C59A95BF1C61 /* Pods */,
				61C98E1BC58099D8EB986D6C /* Frameworks */,
			);
			sourceTree = "<group>";
		};
		72EB161C2DE3194600C45508 /* Products */ = {
			isa = PBXGroup;
			children = (
				72EB161B2DE3194600C45508 /* Cartly.app */,
				72EB16302DE3195000C45508 /* CartlyTests.xctest */,
				72EB163A2DE3195000C45508 /* CartlyUITests.xctest */,
			);
			name = Products;
			sourceTree = "<group>";
		};
/* End PBXGroup section */

/* Begin PBXNativeTarget section */
		72EB161A2DE3194600C45508 /* Cartly */ = {
			isa = PBXNativeTarget;
			buildConfigurationList = 72EB16442DE3195000C45508 /* Build configuration list for PBXNativeTarget "Cartly" */;
			buildPhases = (
				7635894A261F021063510480 /* [CP] Check Pods Manifest.lock */,
				72EB16172DE3194600C45508 /* Sources */,
				72EB16182DE3194600C45508 /* Frameworks */,
				72EB16192DE3194600C45508 /* Resources */,
				5F292E96C12E421990B6DBF5 /* [CP] Embed Pods Frameworks */,
			);
			buildRules = (
			);
			dependencies = (
			);
			fileSystemSynchronizedGroups = (
				72EB161D2DE3194600C45508 /* Cartly */,
			);
			name = Cartly;
			packageProductDependencies = (
				72AAAA452DE50A730052D37C /* FirebaseAuth */,
				72AAAA472DE50A730052D37C /* FirebaseAuthCombine-Community */,
				72AAAA492DE50A730052D37C /* FirebaseCore */,
				724662022DEB6CEE00CE2597 /* GoogleSignIn */,
				724662042DEB6CEE00CE2597 /* GoogleSignInSwift */,
			);
			productName = Cartly;
			productReference = 72EB161B2DE3194600C45508 /* Cartly.app */;
			productType = "com.apple.product-type.application";
		};
		72EB162F2DE3195000C45508 /* CartlyTests */ = {
			isa = PBXNativeTarget;
			buildConfigurationList = 72EB16472DE3195000C45508 /* Build configuration list for PBXNativeTarget "CartlyTests" */;
			buildPhases = (
				8A94B2294371B80BD3580D55 /* [CP] Check Pods Manifest.lock */,
				72EB162C2DE3195000C45508 /* Sources */,
				72EB162D2DE3195000C45508 /* Frameworks */,
				72EB162E2DE3195000C45508 /* Resources */,
			);
			buildRules = (
			);
			dependencies = (
				72EB16322DE3195000C45508 /* PBXTargetDependency */,
			);
			fileSystemSynchronizedGroups = (
				72EB16332DE3195000C45508 /* CartlyTests */,
			);
			name = CartlyTests;
			productName = CartlyTests;
			productReference = 72EB16302DE3195000C45508 /* CartlyTests.xctest */;
			productType = "com.apple.product-type.bundle.unit-test";
		};
		72EB16392DE3195000C45508 /* CartlyUITests */ = {
			isa = PBXNativeTarget;
			buildConfigurationList = 72EB164A2DE3195000C45508 /* Build configuration list for PBXNativeTarget "CartlyUITests" */;
			buildPhases = (
				F941F168952FBD69BAE6CE51 /* [CP] Check Pods Manifest.lock */,
				72EB16362DE3195000C45508 /* Sources */,
				72EB16372DE3195000C45508 /* Frameworks */,
				72EB16382DE3195000C45508 /* Resources */,
				CAA54C85B3E82622A6E6A73D /* [CP] Embed Pods Frameworks */,
			);
			buildRules = (
			);
			dependencies = (
				72EB163C2DE3195000C45508 /* PBXTargetDependency */,
			);
			fileSystemSynchronizedGroups = (
				72EB163D2DE3195000C45508 /* CartlyUITests */,
			);
			name = CartlyUITests;
			productName = CartlyUITests;
			productReference = 72EB163A2DE3195000C45508 /* CartlyUITests.xctest */;
			productType = "com.apple.product-type.bundle.ui-testing";
		};
/* End PBXNativeTarget section */

/* Begin PBXProject section */
		72EB16132DE3194600C45508 /* Project object */ = {
			isa = PBXProject;
			attributes = {
				BuildIndependentTargetsInParallel = 1;
				LastSwiftUpdateCheck = 1620;
				LastUpgradeCheck = 1620;
				TargetAttributes = {
					72EB161A2DE3194600C45508 = {
						CreatedOnToolsVersion = 16.2;
					};
					72EB162F2DE3195000C45508 = {
						CreatedOnToolsVersion = 16.2;
						TestTargetID = 72EB161A2DE3194600C45508;
					};
					72EB16392DE3195000C45508 = {
						CreatedOnToolsVersion = 16.2;
						TestTargetID = 72EB161A2DE3194600C45508;
					};
				};
			};
			buildConfigurationList = 72EB16162DE3194600C45508 /* Build configuration list for PBXProject "Cartly" */;
			developmentRegion = en;
			hasScannedForEncodings = 0;
			knownRegions = (
				en,
				Base,
			);
			mainGroup = 72EB16122DE3194600C45508;
			minimizedProjectReferenceProxies = 1;
			packageReferences = (
				72AAAA442DE50A730052D37C /* XCRemoteSwiftPackageReference "firebase-ios-sdk" */,
				724662012DEB6CEE00CE2597 /* XCRemoteSwiftPackageReference "GoogleSignIn-iOS" */,
			);
			preferredProjectObjectVersion = 77;
			productRefGroup = 72EB161C2DE3194600C45508 /* Products */;
			projectDirPath = "";
			projectRoot = "";
			targets = (
				72EB161A2DE3194600C45508 /* Cartly */,
				72EB162F2DE3195000C45508 /* CartlyTests */,
				72EB16392DE3195000C45508 /* CartlyUITests */,
			);
		};
/* End PBXProject section */

/* Begin PBXResourcesBuildPhase section */
		72EB16192DE3194600C45508 /* Resources */ = {
			isa = PBXResourcesBuildPhase;
			buildActionMask = 2147483647;
			files = (
			);
			runOnlyForDeploymentPostprocessing = 0;
		};
		72EB162E2DE3195000C45508 /* Resources */ = {
			isa = PBXResourcesBuildPhase;
			buildActionMask = 2147483647;
			files = (
			);
			runOnlyForDeploymentPostprocessing = 0;
		};
		72EB16382DE3195000C45508 /* Resources */ = {
			isa = PBXResourcesBuildPhase;
			buildActionMask = 2147483647;
			files = (
			);
			runOnlyForDeploymentPostprocessing = 0;
		};
/* End PBXResourcesBuildPhase section */

/* Begin PBXShellScriptBuildPhase section */
		5F292E96C12E421990B6DBF5 /* [CP] Embed Pods Frameworks */ = {
			isa = PBXShellScriptBuildPhase;
			buildActionMask = 2147483647;
			files = (
			);
			inputFileListPaths = (
				"${PODS_ROOT}/Target Support Files/Pods-Cartly/Pods-Cartly-frameworks-${CONFIGURATION}-input-files.xcfilelist",
			);
			inputPaths = (
			);
			name = "[CP] Embed Pods Frameworks";
			outputFileListPaths = (
				"${PODS_ROOT}/Target Support Files/Pods-Cartly/Pods-Cartly-frameworks-${CONFIGURATION}-output-files.xcfilelist",
			);
			outputPaths = (
			);
			runOnlyForDeploymentPostprocessing = 0;
			shellPath = /bin/sh;
			shellScript = "\"${PODS_ROOT}/Target Support Files/Pods-Cartly/Pods-Cartly-frameworks.sh\"\n";
			showEnvVarsInLog = 0;
		};
		7635894A261F021063510480 /* [CP] Check Pods Manifest.lock */ = {
			isa = PBXShellScriptBuildPhase;
			buildActionMask = 2147483647;
			files = (
			);
			inputFileListPaths = (
			);
			inputPaths = (
				"${PODS_PODFILE_DIR_PATH}/Podfile.lock",
				"${PODS_ROOT}/Manifest.lock",
			);
			name = "[CP] Check Pods Manifest.lock";
			outputFileListPaths = (
			);
			outputPaths = (
				"$(DERIVED_FILE_DIR)/Pods-Cartly-checkManifestLockResult.txt",
			);
			runOnlyForDeploymentPostprocessing = 0;
			shellPath = /bin/sh;
			shellScript = "diff \"${PODS_PODFILE_DIR_PATH}/Podfile.lock\" \"${PODS_ROOT}/Manifest.lock\" > /dev/null\nif [ $? != 0 ] ; then\n    # print error to STDERR\n    echo \"error: The sandbox is not in sync with the Podfile.lock. Run 'pod install' or update your CocoaPods installation.\" >&2\n    exit 1\nfi\n# This output is used by Xcode 'outputs' to avoid re-running this script phase.\necho \"SUCCESS\" > \"${SCRIPT_OUTPUT_FILE_0}\"\n";
			showEnvVarsInLog = 0;
		};
		8A94B2294371B80BD3580D55 /* [CP] Check Pods Manifest.lock */ = {
			isa = PBXShellScriptBuildPhase;
			buildActionMask = 2147483647;
			files = (
			);
			inputFileListPaths = (
			);
			inputPaths = (
				"${PODS_PODFILE_DIR_PATH}/Podfile.lock",
				"${PODS_ROOT}/Manifest.lock",
			);
			name = "[CP] Check Pods Manifest.lock";
			outputFileListPaths = (
			);
			outputPaths = (
				"$(DERIVED_FILE_DIR)/Pods-CartlyTests-checkManifestLockResult.txt",
			);
			runOnlyForDeploymentPostprocessing = 0;
			shellPath = /bin/sh;
			shellScript = "diff \"${PODS_PODFILE_DIR_PATH}/Podfile.lock\" \"${PODS_ROOT}/Manifest.lock\" > /dev/null\nif [ $? != 0 ] ; then\n    # print error to STDERR\n    echo \"error: The sandbox is not in sync with the Podfile.lock. Run 'pod install' or update your CocoaPods installation.\" >&2\n    exit 1\nfi\n# This output is used by Xcode 'outputs' to avoid re-running this script phase.\necho \"SUCCESS\" > \"${SCRIPT_OUTPUT_FILE_0}\"\n";
			showEnvVarsInLog = 0;
		};
		CAA54C85B3E82622A6E6A73D /* [CP] Embed Pods Frameworks */ = {
			isa = PBXShellScriptBuildPhase;
			buildActionMask = 2147483647;
			files = (
			);
			inputFileListPaths = (
				"${PODS_ROOT}/Target Support Files/Pods-Cartly-CartlyUITests/Pods-Cartly-CartlyUITests-frameworks-${CONFIGURATION}-input-files.xcfilelist",
			);
			inputPaths = (
			);
			name = "[CP] Embed Pods Frameworks";
			outputFileListPaths = (
				"${PODS_ROOT}/Target Support Files/Pods-Cartly-CartlyUITests/Pods-Cartly-CartlyUITests-frameworks-${CONFIGURATION}-output-files.xcfilelist",
			);
			outputPaths = (
			);
			runOnlyForDeploymentPostprocessing = 0;
			shellPath = /bin/sh;
			shellScript = "\"${PODS_ROOT}/Target Support Files/Pods-Cartly-CartlyUITests/Pods-Cartly-CartlyUITests-frameworks.sh\"\n";
			showEnvVarsInLog = 0;
		};
		F941F168952FBD69BAE6CE51 /* [CP] Check Pods Manifest.lock */ = {
			isa = PBXShellScriptBuildPhase;
			buildActionMask = 2147483647;
			files = (
			);
			inputFileListPaths = (
			);
			inputPaths = (
				"${PODS_PODFILE_DIR_PATH}/Podfile.lock",
				"${PODS_ROOT}/Manifest.lock",
			);
			name = "[CP] Check Pods Manifest.lock";
			outputFileListPaths = (
			);
			outputPaths = (
				"$(DERIVED_FILE_DIR)/Pods-Cartly-CartlyUITests-checkManifestLockResult.txt",
			);
			runOnlyForDeploymentPostprocessing = 0;
			shellPath = /bin/sh;
			shellScript = "diff \"${PODS_PODFILE_DIR_PATH}/Podfile.lock\" \"${PODS_ROOT}/Manifest.lock\" > /dev/null\nif [ $? != 0 ] ; then\n    # print error to STDERR\n    echo \"error: The sandbox is not in sync with the Podfile.lock. Run 'pod install' or update your CocoaPods installation.\" >&2\n    exit 1\nfi\n# This output is used by Xcode 'outputs' to avoid re-running this script phase.\necho \"SUCCESS\" > \"${SCRIPT_OUTPUT_FILE_0}\"\n";
			showEnvVarsInLog = 0;
		};
/* End PBXShellScriptBuildPhase section */

/* Begin PBXSourcesBuildPhase section */
		72EB16172DE3194600C45508 /* Sources */ = {
			isa = PBXSourcesBuildPhase;
			buildActionMask = 2147483647;
			files = (
			);
			runOnlyForDeploymentPostprocessing = 0;
		};
		72EB162C2DE3195000C45508 /* Sources */ = {
			isa = PBXSourcesBuildPhase;
			buildActionMask = 2147483647;
			files = (
			);
			runOnlyForDeploymentPostprocessing = 0;
		};
		72EB16362DE3195000C45508 /* Sources */ = {
			isa = PBXSourcesBuildPhase;
			buildActionMask = 2147483647;
			files = (
			);
			runOnlyForDeploymentPostprocessing = 0;
		};
/* End PBXSourcesBuildPhase section */

/* Begin PBXTargetDependency section */
		72EB16322DE3195000C45508 /* PBXTargetDependency */ = {
			isa = PBXTargetDependency;
			target = 72EB161A2DE3194600C45508 /* Cartly */;
			targetProxy = 72EB16312DE3195000C45508 /* PBXContainerItemProxy */;
		};
		72EB163C2DE3195000C45508 /* PBXTargetDependency */ = {
			isa = PBXTargetDependency;
			target = 72EB161A2DE3194600C45508 /* Cartly */;
			targetProxy = 72EB163B2DE3195000C45508 /* PBXContainerItemProxy */;
		};
/* End PBXTargetDependency section */

/* Begin XCBuildConfiguration section */
		72EB16422DE3195000C45508 /* Debug */ = {
			isa = XCBuildConfiguration;
			buildSettings = {
				ALWAYS_SEARCH_USER_PATHS = NO;
				ASSETCATALOG_COMPILER_GENERATE_SWIFT_ASSET_SYMBOL_EXTENSIONS = YES;
				CLANG_ANALYZER_NONNULL = YES;
				CLANG_ANALYZER_NUMBER_OBJECT_CONVERSION = YES_AGGRESSIVE;
				CLANG_CXX_LANGUAGE_STANDARD = "gnu++20";
				CLANG_ENABLE_MODULES = YES;
				CLANG_ENABLE_OBJC_ARC = YES;
				CLANG_ENABLE_OBJC_WEAK = YES;
				CLANG_WARN_BLOCK_CAPTURE_AUTORELEASING = YES;
				CLANG_WARN_BOOL_CONVERSION = YES;
				CLANG_WARN_COMMA = YES;
				CLANG_WARN_CONSTANT_CONVERSION = YES;
				CLANG_WARN_DEPRECATED_OBJC_IMPLEMENTATIONS = YES;
				CLANG_WARN_DIRECT_OBJC_ISA_USAGE = YES_ERROR;
				CLANG_WARN_DOCUMENTATION_COMMENTS = YES;
				CLANG_WARN_EMPTY_BODY = YES;
				CLANG_WARN_ENUM_CONVERSION = YES;
				CLANG_WARN_INFINITE_RECURSION = YES;
				CLANG_WARN_INT_CONVERSION = YES;
				CLANG_WARN_NON_LITERAL_NULL_CONVERSION = YES;
				CLANG_WARN_OBJC_IMPLICIT_RETAIN_SELF = YES;
				CLANG_WARN_OBJC_LITERAL_CONVERSION = YES;
				CLANG_WARN_OBJC_ROOT_CLASS = YES_ERROR;
				CLANG_WARN_QUOTED_INCLUDE_IN_FRAMEWORK_HEADER = YES;
				CLANG_WARN_RANGE_LOOP_ANALYSIS = YES;
				CLANG_WARN_STRICT_PROTOTYPES = YES;
				CLANG_WARN_SUSPICIOUS_MOVE = YES;
				CLANG_WARN_UNGUARDED_AVAILABILITY = YES_AGGRESSIVE;
				CLANG_WARN_UNREACHABLE_CODE = YES;
				CLANG_WARN__DUPLICATE_METHOD_MATCH = YES;
				COPY_PHASE_STRIP = NO;
				DEBUG_INFORMATION_FORMAT = dwarf;
				ENABLE_STRICT_OBJC_MSGSEND = YES;
				ENABLE_TESTABILITY = YES;
				ENABLE_USER_SCRIPT_SANDBOXING = YES;
				GCC_C_LANGUAGE_STANDARD = gnu17;
				GCC_DYNAMIC_NO_PIC = NO;
				GCC_NO_COMMON_BLOCKS = YES;
				GCC_OPTIMIZATION_LEVEL = 0;
				GCC_PREPROCESSOR_DEFINITIONS = (
					"DEBUG=1",
					"$(inherited)",
				);
				GCC_WARN_64_TO_32_BIT_CONVERSION = YES;
				GCC_WARN_ABOUT_RETURN_TYPE = YES_ERROR;
				GCC_WARN_UNDECLARED_SELECTOR = YES;
				GCC_WARN_UNINITIALIZED_AUTOS = YES_AGGRESSIVE;
				GCC_WARN_UNUSED_FUNCTION = YES;
				GCC_WARN_UNUSED_VARIABLE = YES;
				IPHONEOS_DEPLOYMENT_TARGET = 18.2;
				LOCALIZATION_PREFERS_STRING_CATALOGS = YES;
				MTL_ENABLE_DEBUG_INFO = INCLUDE_SOURCE;
				MTL_FAST_MATH = YES;
				ONLY_ACTIVE_ARCH = YES;
				SDKROOT = iphoneos;
				SWIFT_ACTIVE_COMPILATION_CONDITIONS = "DEBUG $(inherited)";
				SWIFT_OPTIMIZATION_LEVEL = "-Onone";
			};
			name = Debug;
		};
		72EB16432DE3195000C45508 /* Release */ = {
			isa = XCBuildConfiguration;
			buildSettings = {
				ALWAYS_SEARCH_USER_PATHS = NO;
				ASSETCATALOG_COMPILER_GENERATE_SWIFT_ASSET_SYMBOL_EXTENSIONS = YES;
				CLANG_ANALYZER_NONNULL = YES;
				CLANG_ANALYZER_NUMBER_OBJECT_CONVERSION = YES_AGGRESSIVE;
				CLANG_CXX_LANGUAGE_STANDARD = "gnu++20";
				CLANG_ENABLE_MODULES = YES;
				CLANG_ENABLE_OBJC_ARC = YES;
				CLANG_ENABLE_OBJC_WEAK = YES;
				CLANG_WARN_BLOCK_CAPTURE_AUTORELEASING = YES;
				CLANG_WARN_BOOL_CONVERSION = YES;
				CLANG_WARN_COMMA = YES;
				CLANG_WARN_CONSTANT_CONVERSION = YES;
				CLANG_WARN_DEPRECATED_OBJC_IMPLEMENTATIONS = YES;
				CLANG_WARN_DIRECT_OBJC_ISA_USAGE = YES_ERROR;
				CLANG_WARN_DOCUMENTATION_COMMENTS = YES;
				CLANG_WARN_EMPTY_BODY = YES;
				CLANG_WARN_ENUM_CONVERSION = YES;
				CLANG_WARN_INFINITE_RECURSION = YES;
				CLANG_WARN_INT_CONVERSION = YES;
				CLANG_WARN_NON_LITERAL_NULL_CONVERSION = YES;
				CLANG_WARN_OBJC_IMPLICIT_RETAIN_SELF = YES;
				CLANG_WARN_OBJC_LITERAL_CONVERSION = YES;
				CLANG_WARN_OBJC_ROOT_CLASS = YES_ERROR;
				CLANG_WARN_QUOTED_INCLUDE_IN_FRAMEWORK_HEADER = YES;
				CLANG_WARN_RANGE_LOOP_ANALYSIS = YES;
				CLANG_WARN_STRICT_PROTOTYPES = YES;
				CLANG_WARN_SUSPICIOUS_MOVE = YES;
				CLANG_WARN_UNGUARDED_AVAILABILITY = YES_AGGRESSIVE;
				CLANG_WARN_UNREACHABLE_CODE = YES;
				CLANG_WARN__DUPLICATE_METHOD_MATCH = YES;
				COPY_PHASE_STRIP = NO;
				DEBUG_INFORMATION_FORMAT = "dwarf-with-dsym";
				ENABLE_NS_ASSERTIONS = NO;
				ENABLE_STRICT_OBJC_MSGSEND = YES;
				ENABLE_USER_SCRIPT_SANDBOXING = YES;
				GCC_C_LANGUAGE_STANDARD = gnu17;
				GCC_NO_COMMON_BLOCKS = YES;
				GCC_WARN_64_TO_32_BIT_CONVERSION = YES;
				GCC_WARN_ABOUT_RETURN_TYPE = YES_ERROR;
				GCC_WARN_UNDECLARED_SELECTOR = YES;
				GCC_WARN_UNINITIALIZED_AUTOS = YES_AGGRESSIVE;
				GCC_WARN_UNUSED_FUNCTION = YES;
				GCC_WARN_UNUSED_VARIABLE = YES;
				IPHONEOS_DEPLOYMENT_TARGET = 18.2;
				LOCALIZATION_PREFERS_STRING_CATALOGS = YES;
				MTL_ENABLE_DEBUG_INFO = NO;
				MTL_FAST_MATH = YES;
				SDKROOT = iphoneos;
				SWIFT_COMPILATION_MODE = wholemodule;
				VALIDATE_PRODUCT = YES;
			};
			name = Release;
		};
		72EB16452DE3195000C45508 /* Debug */ = {
			isa = XCBuildConfiguration;
			baseConfigurationReference = B5CCBDC1E1ADA36F84DBC05F /* Pods-Cartly.debug.xcconfig */;
			buildSettings = {
				ASSETCATALOG_COMPILER_APPICON_NAME = AppIcon;
				ASSETCATALOG_COMPILER_GLOBAL_ACCENT_COLOR_NAME = AccentColor;
				CODE_SIGN_STYLE = Automatic;
				CURRENT_PROJECT_VERSION = 1;
				DEVELOPMENT_ASSET_PATHS = "\"Cartly/Preview Content\"";
				ENABLE_PREVIEWS = YES;
				ENABLE_USER_SCRIPT_SANDBOXING = NO;
				GENERATE_INFOPLIST_FILE = YES;
				INFOPLIST_KEY_UIApplicationSceneManifest_Generation = YES;
				INFOPLIST_KEY_UIApplicationSupportsIndirectInputEvents = YES;
				INFOPLIST_KEY_UILaunchScreen_Generation = YES;
				INFOPLIST_KEY_UISupportedInterfaceOrientations_iPad = "UIInterfaceOrientationPortrait UIInterfaceOrientationPortraitUpsideDown UIInterfaceOrientationLandscapeLeft UIInterfaceOrientationLandscapeRight";
				INFOPLIST_KEY_UISupportedInterfaceOrientations_iPhone = "UIInterfaceOrientationPortrait UIInterfaceOrientationLandscapeLeft UIInterfaceOrientationLandscapeRight";
				LD_RUNPATH_SEARCH_PATHS = (
					"$(inherited)",
					"@executable_path/Frameworks",
				);
				MARKETING_VERSION = 1.0;
				PRODUCT_BUNDLE_IDENTIFIER = iti.Cartly;
				PRODUCT_NAME = "$(TARGET_NAME)";
				SWIFT_EMIT_LOC_STRINGS = YES;
				SWIFT_VERSION = 5.0;
				TARGETED_DEVICE_FAMILY = "1,2";
			};
			name = Debug;
		};
		72EB16462DE3195000C45508 /* Release */ = {
			isa = XCBuildConfiguration;
			baseConfigurationReference = 6696EBD1452F43791D98A089 /* Pods-Cartly.release.xcconfig */;
			buildSettings = {
				ASSETCATALOG_COMPILER_APPICON_NAME = AppIcon;
				ASSETCATALOG_COMPILER_GLOBAL_ACCENT_COLOR_NAME = AccentColor;
				CODE_SIGN_STYLE = Automatic;
				CURRENT_PROJECT_VERSION = 1;
				DEVELOPMENT_ASSET_PATHS = "\"Cartly/Preview Content\"";
				ENABLE_PREVIEWS = YES;
				ENABLE_USER_SCRIPT_SANDBOXING = NO;
				GENERATE_INFOPLIST_FILE = YES;
				INFOPLIST_KEY_UIApplicationSceneManifest_Generation = YES;
				INFOPLIST_KEY_UIApplicationSupportsIndirectInputEvents = YES;
				INFOPLIST_KEY_UILaunchScreen_Generation = YES;
				INFOPLIST_KEY_UISupportedInterfaceOrientations_iPad = "UIInterfaceOrientationPortrait UIInterfaceOrientationPortraitUpsideDown UIInterfaceOrientationLandscapeLeft UIInterfaceOrientationLandscapeRight";
				INFOPLIST_KEY_UISupportedInterfaceOrientations_iPhone = "UIInterfaceOrientationPortrait UIInterfaceOrientationLandscapeLeft UIInterfaceOrientationLandscapeRight";
				LD_RUNPATH_SEARCH_PATHS = (
					"$(inherited)",
					"@executable_path/Frameworks",
				);
				MARKETING_VERSION = 1.0;
				PRODUCT_BUNDLE_IDENTIFIER = iti.Cartly;
				PRODUCT_NAME = "$(TARGET_NAME)";
				SWIFT_EMIT_LOC_STRINGS = YES;
				SWIFT_VERSION = 5.0;
				TARGETED_DEVICE_FAMILY = "1,2";
			};
			name = Release;
		};
		72EB16482DE3195000C45508 /* Debug */ = {
			isa = XCBuildConfiguration;
			baseConfigurationReference = 5C6839AA30BC17EADF2C1C90 /* Pods-CartlyTests.debug.xcconfig */;
			buildSettings = {
				BUNDLE_LOADER = "$(TEST_HOST)";
				CODE_SIGN_STYLE = Automatic;
				CURRENT_PROJECT_VERSION = 1;
				GENERATE_INFOPLIST_FILE = YES;
				IPHONEOS_DEPLOYMENT_TARGET = 18.2;
				MARKETING_VERSION = 1.0;
				PRODUCT_BUNDLE_IDENTIFIER = iti.CartlyTests;
				PRODUCT_NAME = "$(TARGET_NAME)";
				SWIFT_EMIT_LOC_STRINGS = NO;
				SWIFT_VERSION = 5.0;
				TARGETED_DEVICE_FAMILY = "1,2";
				TEST_HOST = "$(BUILT_PRODUCTS_DIR)/Cartly.app/$(BUNDLE_EXECUTABLE_FOLDER_PATH)/Cartly";
			};
			name = Debug;
		};
		72EB16492DE3195000C45508 /* Release */ = {
			isa = XCBuildConfiguration;
			baseConfigurationReference = 701803F66CAF5BC32212E958 /* Pods-CartlyTests.release.xcconfig */;
			buildSettings = {
				BUNDLE_LOADER = "$(TEST_HOST)";
				CODE_SIGN_STYLE = Automatic;
				CURRENT_PROJECT_VERSION = 1;
				GENERATE_INFOPLIST_FILE = YES;
				IPHONEOS_DEPLOYMENT_TARGET = 18.2;
				MARKETING_VERSION = 1.0;
				PRODUCT_BUNDLE_IDENTIFIER = iti.CartlyTests;
				PRODUCT_NAME = "$(TARGET_NAME)";
				SWIFT_EMIT_LOC_STRINGS = NO;
				SWIFT_VERSION = 5.0;
				TARGETED_DEVICE_FAMILY = "1,2";
				TEST_HOST = "$(BUILT_PRODUCTS_DIR)/Cartly.app/$(BUNDLE_EXECUTABLE_FOLDER_PATH)/Cartly";
			};
			name = Release;
		};
		72EB164B2DE3195000C45508 /* Debug */ = {
			isa = XCBuildConfiguration;
			baseConfigurationReference = 37C682120AA793A5A465817D /* Pods-Cartly-CartlyUITests.debug.xcconfig */;
			buildSettings = {
				CODE_SIGN_STYLE = Automatic;
				CURRENT_PROJECT_VERSION = 1;
				GENERATE_INFOPLIST_FILE = YES;
				MARKETING_VERSION = 1.0;
				PRODUCT_BUNDLE_IDENTIFIER = iti.CartlyUITests;
				PRODUCT_NAME = "$(TARGET_NAME)";
				SWIFT_EMIT_LOC_STRINGS = NO;
				SWIFT_VERSION = 5.0;
				TARGETED_DEVICE_FAMILY = "1,2";
				TEST_TARGET_NAME = Cartly;
			};
			name = Debug;
		};
		72EB164C2DE3195000C45508 /* Release */ = {
			isa = XCBuildConfiguration;
			baseConfigurationReference = 947EA436BD069DF7A4F1960D /* Pods-Cartly-CartlyUITests.release.xcconfig */;
			buildSettings = {
				CODE_SIGN_STYLE = Automatic;
				CURRENT_PROJECT_VERSION = 1;
				GENERATE_INFOPLIST_FILE = YES;
				MARKETING_VERSION = 1.0;
				PRODUCT_BUNDLE_IDENTIFIER = iti.CartlyUITests;
				PRODUCT_NAME = "$(TARGET_NAME)";
				SWIFT_EMIT_LOC_STRINGS = NO;
				SWIFT_VERSION = 5.0;
				TARGETED_DEVICE_FAMILY = "1,2";
				TEST_TARGET_NAME = Cartly;
			};
			name = Release;
		};
/* End XCBuildConfiguration section */

/* Begin XCConfigurationList section */
		72EB16162DE3194600C45508 /* Build configuration list for PBXProject "Cartly" */ = {
			isa = XCConfigurationList;
			buildConfigurations = (
				72EB16422DE3195000C45508 /* Debug */,
				72EB16432DE3195000C45508 /* Release */,
			);
			defaultConfigurationIsVisible = 0;
			defaultConfigurationName = Release;
		};
		72EB16442DE3195000C45508 /* Build configuration list for PBXNativeTarget "Cartly" */ = {
			isa = XCConfigurationList;
			buildConfigurations = (
				72EB16452DE3195000C45508 /* Debug */,
				72EB16462DE3195000C45508 /* Release */,
			);
			defaultConfigurationIsVisible = 0;
			defaultConfigurationName = Release;
		};
		72EB16472DE3195000C45508 /* Build configuration list for PBXNativeTarget "CartlyTests" */ = {
			isa = XCConfigurationList;
			buildConfigurations = (
				72EB16482DE3195000C45508 /* Debug */,
				72EB16492DE3195000C45508 /* Release */,
			);
			defaultConfigurationIsVisible = 0;
			defaultConfigurationName = Release;
		};
		72EB164A2DE3195000C45508 /* Build configuration list for PBXNativeTarget "CartlyUITests" */ = {
			isa = XCConfigurationList;
			buildConfigurations = (
				72EB164B2DE3195000C45508 /* Debug */,
				72EB164C2DE3195000C45508 /* Release */,
			);
			defaultConfigurationIsVisible = 0;
			defaultConfigurationName = Release;
		};
/* End XCConfigurationList section */

/* Begin XCRemoteSwiftPackageReference section */
		724662012DEB6CEE00CE2597 /* XCRemoteSwiftPackageReference "GoogleSignIn-iOS" */ = {
			isa = XCRemoteSwiftPackageReference;
			repositoryURL = "https://github.com/google/GoogleSignIn-iOS";
			requirement = {
				kind = upToNextMajorVersion;
				minimumVersion = 8.0.0;
			};
		};
		72AAAA442DE50A730052D37C /* XCRemoteSwiftPackageReference "firebase-ios-sdk" */ = {
			isa = XCRemoteSwiftPackageReference;
			repositoryURL = "https://github.com/firebase/firebase-ios-sdk";
			requirement = {
				kind = upToNextMajorVersion;
				minimumVersion = 11.13.0;
			};
		};
/* End XCRemoteSwiftPackageReference section */

/* Begin XCSwiftPackageProductDependency section */
		724662022DEB6CEE00CE2597 /* GoogleSignIn */ = {
			isa = XCSwiftPackageProductDependency;
			package = 724662012DEB6CEE00CE2597 /* XCRemoteSwiftPackageReference "GoogleSignIn-iOS" */;
			productName = GoogleSignIn;
		};
		724662042DEB6CEE00CE2597 /* GoogleSignInSwift */ = {
			isa = XCSwiftPackageProductDependency;
			package = 724662012DEB6CEE00CE2597 /* XCRemoteSwiftPackageReference "GoogleSignIn-iOS" */;
			productName = GoogleSignInSwift;
		};
		72AAAA452DE50A730052D37C /* FirebaseAuth */ = {
			isa = XCSwiftPackageProductDependency;
			package = 72AAAA442DE50A730052D37C /* XCRemoteSwiftPackageReference "firebase-ios-sdk" */;
			productName = FirebaseAuth;
		};
		72AAAA472DE50A730052D37C /* FirebaseAuthCombine-Community */ = {
			isa = XCSwiftPackageProductDependency;
			package = 72AAAA442DE50A730052D37C /* XCRemoteSwiftPackageReference "firebase-ios-sdk" */;
			productName = "FirebaseAuthCombine-Community";
		};
		72AAAA492DE50A730052D37C /* FirebaseCore */ = {
			isa = XCSwiftPackageProductDependency;
			package = 72AAAA442DE50A730052D37C /* XCRemoteSwiftPackageReference "firebase-ios-sdk" */;
			productName = FirebaseCore;
		};
/* End XCSwiftPackageProductDependency section */
	};
	rootObject = 72EB16132DE3194600C45508 /* Project object */;
}
